
Microsoft Visual Studio Solution File, Format Version 12.00
# Visual Studio 15
VisualStudioVersion = 15.0.27428.2027
MinimumVisualStudioVersion = 10.0.40219.1
Project("{FAE04EC0-301F-11D3-BF4B-00C04F79EFBC}") = "Lastelaagridb", "Lastelaagridb.csproj", "{42369640-A071-49D8-8549-4CC613A4E28F}"
EndProject
Global
	GlobalSection(SolutionConfigurationPlatforms) = preSolution
		Debug|Any CPU = Debug|Any CPU
		Release|Any CPU = Release|Any CPU
	EndGlobalSection
	GlobalSection(ProjectConfigurationPlatforms) = postSolution
		{42369640-A071-49D8-8549-4CC613A4E28F}.Debug|Any CPU.ActiveCfg = Debug|Any CPU
		{42369640-A071-49D8-8549-4CC613A4E28F}.Debug|Any CPU.Build.0 = Debug|Any CPU
		{42369640-A071-49D8-8549-4CC613A4E28F}.Release|Any CPU.ActiveCfg = Release|Any CPU
		{42369640-A071-49D8-8549-4CC613A4E28F}.Release|Any CPU.Build.0 = Release|Any CPU
	EndGlobalSection
	GlobalSection(SolutionProperties) = preSolution
		HideSolutionNode = FALSE
	EndGlobalSection
	GlobalSection(ExtensibilityGlobals) = postSolution
		SolutionGuid = {DE1B8043-EF0C-4FD4-99CA-410DB09739FF}
	EndGlobalSection
EndGlobal
